
Microsoft Visual Studio Solution File, Format Version 12.00
# Visual Studio Version 17
VisualStudioVersion = 17.9.34616.47
MinimumVisualStudioVersion = 10.0.40219.1
Project("{FAE04EC0-301F-11D3-BF4B-00C04F79EFBC}") = "Syncron", "Capture\Syncron.csproj", "{7E6B5A69-4D41-4F02-82BE-11430235BF31}"
EndProject
Global
	GlobalSection(SolutionConfigurationPlatforms) = preSolution
		Debug|Any CPU = Debug|Any CPU
		Release|Any CPU = Release|Any CPU
	EndGlobalSection
	GlobalSection(ProjectConfigurationPlatforms) = postSolution
		{7E6B5A69-4D41-4F02-82BE-11430235BF31}.Debug|Any CPU.ActiveCfg = Debug|Any CPU
		{7E6B5A69-4D41-4F02-82BE-11430235BF31}.Debug|Any CPU.Build.0 = Debug|Any CPU
		{7E6B5A69-4D41-4F02-82BE-11430235BF31}.Release|Any CPU.ActiveCfg = Release|Any CPU
		{7E6B5A69-4D41-4F02-82BE-11430235BF31}.Release|Any CPU.Build.0 = Release|Any CPU
	EndGlobalSection
	GlobalSection(SolutionProperties) = preSolution
		HideSolutionNode = FALSE
	EndGlobalSection
	GlobalSection(ExtensibilityGlobals) = postSolution
		SolutionGuid = {517AC63D-EA37-4C07-98E3-051C67FAE342}
	EndGlobalSection
EndGlobal
